
Microsoft Visual Studio Solution File, Format Version 12.00
# Visual Studio Version 17
VisualStudioVersion = 17.3.32505.426
MinimumVisualStudioVersion = 10.0.40219.1
Project("{9A19103F-16F7-4668-BE54-9A1E7A4F7556}") = "Lab7 - Database First", "Lab7 - Database First.csproj", "{3BC9928A-5AE7-458B-A7CF-4A40FCA46C66}"
EndProject
Global
	GlobalSection(SolutionConfigurationPlatforms) = preSolution
		Debug|Any CPU = Debug|Any CPU
		Release|Any CPU = Release|Any CPU
	EndGlobalSection
	GlobalSection(ProjectConfigurationPlatforms) = postSolution
		{3BC9928A-5AE7-458B-A7CF-4A40FCA46C66}.Debug|Any CPU.ActiveCfg = Debug|Any CPU
		{3BC9928A-5AE7-458B-A7CF-4A40FCA46C66}.Debug|Any CPU.Build.0 = Debug|Any CPU
		{3BC9928A-5AE7-458B-A7CF-4A40FCA46C66}.Release|Any CPU.ActiveCfg = Release|Any CPU
		{3BC9928A-5AE7-458B-A7CF-4A40FCA46C66}.Release|Any CPU.Build.0 = Release|Any CPU
	EndGlobalSection
	GlobalSection(SolutionProperties) = preSolution
		HideSolutionNode = FALSE
	EndGlobalSection
	GlobalSection(ExtensibilityGlobals) = postSolution
		SolutionGuid = {32024EED-6E27-431C-A9A4-EBC108A6515D}
	EndGlobalSection
EndGlobal
