
Microsoft Visual Studio Solution File, Format Version 12.00
# Visual Studio Version 17
VisualStudioVersion = 17.1.32319.34
MinimumVisualStudioVersion = 10.0.40219.1
Project("{FAE04EC0-301F-11D3-BF4B-00C04F79EFBC}") = "IS_Lab5_SoapUI", "IS_Lab5_SoapUI\IS_Lab5_SoapUI.csproj", "{C5ED8128-13EB-4B08-ACBC-11BB44876C26}"
EndProject
Global
	GlobalSection(SolutionConfigurationPlatforms) = preSolution
		Debug|Any CPU = Debug|Any CPU
		Release|Any CPU = Release|Any CPU
	EndGlobalSection
	GlobalSection(ProjectConfigurationPlatforms) = postSolution
		{C5ED8128-13EB-4B08-ACBC-11BB44876C26}.Debug|Any CPU.ActiveCfg = Debug|Any CPU
		{C5ED8128-13EB-4B08-ACBC-11BB44876C26}.Debug|Any CPU.Build.0 = Debug|Any CPU
		{C5ED8128-13EB-4B08-ACBC-11BB44876C26}.Release|Any CPU.ActiveCfg = Release|Any CPU
		{C5ED8128-13EB-4B08-ACBC-11BB44876C26}.Release|Any CPU.Build.0 = Release|Any CPU
	EndGlobalSection
	GlobalSection(SolutionProperties) = preSolution
		HideSolutionNode = FALSE
	EndGlobalSection
	GlobalSection(ExtensibilityGlobals) = postSolution
		SolutionGuid = {8FDB0210-2C0C-4B0F-9ECD-92A782456075}
	EndGlobalSection
EndGlobal
